# THIS IS AN AUTOGENERATED FILE. DO NOT EDIT THIS FILE DIRECTLY.
# yarn lockfile v1


humanize-duration@^3.25.2:
  version "3.25.2"
  resolved "https://registry.yarnpkg.com/humanize-duration/-/humanize-duration-3.25.2.tgz#5259585b749ecc5ad5a60fb37121aee0e9ab0c5e"
  integrity sha512-zSerjahuzBazDaE8skjMI7Xmrt/EirvW5cDsXgysx8tYIjcgCMnI5Y5985y3LxYeLah9L5cQY3WEw1k7GRWbfg==
